
Microsoft Visual Studio Solution File, Format Version 12.00
# Visual Studio 15
VisualStudioVersion = 15.0.28307.572
MinimumVisualStudioVersion = 10.0.40219.1
Project("{FAE04EC0-301F-11D3-BF4B-00C04F79EFBC}") = "WindowsFormsApp4", "WindowsFormsApp4\WindowsFormsApp4.csproj", "{D93B57E6-7B80-493F-80FD-CD719EC6739D}"
EndProject
Global
	GlobalSection(SolutionConfigurationPlatforms) = preSolution
		Debug|Any CPU = Debug|Any CPU
		Release|Any CPU = Release|Any CPU
	EndGlobalSection
	GlobalSection(ProjectConfigurationPlatforms) = postSolution
		{D93B57E6-7B80-493F-80FD-CD719EC6739D}.Debug|Any CPU.ActiveCfg = Debug|Any CPU
		{D93B57E6-7B80-493F-80FD-CD719EC6739D}.Debug|Any CPU.Build.0 = Debug|Any CPU
		{D93B57E6-7B80-493F-80FD-CD719EC6739D}.Release|Any CPU.ActiveCfg = Release|Any CPU
		{D93B57E6-7B80-493F-80FD-CD719EC6739D}.Release|Any CPU.Build.0 = Release|Any CPU
	EndGlobalSection
	GlobalSection(SolutionProperties) = preSolution
		HideSolutionNode = FALSE
	EndGlobalSection
	GlobalSection(ExtensibilityGlobals) = postSolution
		SolutionGuid = {0AE79B25-EF60-4FCE-A46B-6F372AD3E159}
	EndGlobalSection
EndGlobal
