
Microsoft Visual Studio Solution File, Format Version 12.00
# Visual Studio 15
VisualStudioVersion = 15.0.28307.572
MinimumVisualStudioVersion = 10.0.40219.1
Project("{FAE04EC0-301F-11D3-BF4B-00C04F79EFBC}") = "App9RichTextBox", "App9RichTextBox\App9RichTextBox.csproj", "{75C028E4-469F-49CB-B625-F6E5FD0011B5}"
EndProject
Global
	GlobalSection(SolutionConfigurationPlatforms) = preSolution
		Debug|Any CPU = Debug|Any CPU
		Release|Any CPU = Release|Any CPU
	EndGlobalSection
	GlobalSection(ProjectConfigurationPlatforms) = postSolution
		{75C028E4-469F-49CB-B625-F6E5FD0011B5}.Debug|Any CPU.ActiveCfg = Debug|Any CPU
		{75C028E4-469F-49CB-B625-F6E5FD0011B5}.Debug|Any CPU.Build.0 = Debug|Any CPU
		{75C028E4-469F-49CB-B625-F6E5FD0011B5}.Release|Any CPU.ActiveCfg = Release|Any CPU
		{75C028E4-469F-49CB-B625-F6E5FD0011B5}.Release|Any CPU.Build.0 = Release|Any CPU
	EndGlobalSection
	GlobalSection(SolutionProperties) = preSolution
		HideSolutionNode = FALSE
	EndGlobalSection
	GlobalSection(ExtensibilityGlobals) = postSolution
		SolutionGuid = {649EB510-DF46-473A-9FC8-D38216CE6D10}
	EndGlobalSection
EndGlobal
