
Microsoft Visual Studio Solution File, Format Version 12.00
# Visual Studio 15
VisualStudioVersion = 15.0.26730.15
MinimumVisualStudioVersion = 10.0.40219.1
Project("{FAE04EC0-301F-11D3-BF4B-00C04F79EFBC}") = "criptocode", "criptocode\criptocode.csproj", "{60F4A1C7-A40F-4989-949C-EBC37D72C339}"
EndProject
Global
	GlobalSection(SolutionConfigurationPlatforms) = preSolution
		Debug|Any CPU = Debug|Any CPU
		Release|Any CPU = Release|Any CPU
	EndGlobalSection
	GlobalSection(ProjectConfigurationPlatforms) = postSolution
		{60F4A1C7-A40F-4989-949C-EBC37D72C339}.Debug|Any CPU.ActiveCfg = Debug|Any CPU
		{60F4A1C7-A40F-4989-949C-EBC37D72C339}.Debug|Any CPU.Build.0 = Debug|Any CPU
		{60F4A1C7-A40F-4989-949C-EBC37D72C339}.Release|Any CPU.ActiveCfg = Release|Any CPU
		{60F4A1C7-A40F-4989-949C-EBC37D72C339}.Release|Any CPU.Build.0 = Release|Any CPU
	EndGlobalSection
	GlobalSection(SolutionProperties) = preSolution
		HideSolutionNode = FALSE
	EndGlobalSection
	GlobalSection(ExtensibilityGlobals) = postSolution
		SolutionGuid = {93CD3D14-5C3E-48F7-B592-46038195FF11}
	EndGlobalSection
EndGlobal
