
Microsoft Visual Studio Solution File, Format Version 12.00
# Visual Studio 15
VisualStudioVersion = 15.0.28307.572
MinimumVisualStudioVersion = 10.0.40219.1
Project("{FAE04EC0-301F-11D3-BF4B-00C04F79EFBC}") = "App20ProjetoFinal", "App20ProjetoFinal\App20ProjetoFinal.csproj", "{415E2D0E-A57F-4386-8059-D7D05E6F66C2}"
EndProject
Global
	GlobalSection(SolutionConfigurationPlatforms) = preSolution
		Debug|Any CPU = Debug|Any CPU
		Release|Any CPU = Release|Any CPU
	EndGlobalSection
	GlobalSection(ProjectConfigurationPlatforms) = postSolution
		{415E2D0E-A57F-4386-8059-D7D05E6F66C2}.Debug|Any CPU.ActiveCfg = Debug|Any CPU
		{415E2D0E-A57F-4386-8059-D7D05E6F66C2}.Debug|Any CPU.Build.0 = Debug|Any CPU
		{415E2D0E-A57F-4386-8059-D7D05E6F66C2}.Release|Any CPU.ActiveCfg = Release|Any CPU
		{415E2D0E-A57F-4386-8059-D7D05E6F66C2}.Release|Any CPU.Build.0 = Release|Any CPU
	EndGlobalSection
	GlobalSection(SolutionProperties) = preSolution
		HideSolutionNode = FALSE
	EndGlobalSection
	GlobalSection(ExtensibilityGlobals) = postSolution
		SolutionGuid = {DFF6C0C7-5BE9-4620-A8D4-7ACC8AD7A998}
	EndGlobalSection
EndGlobal
