
Microsoft Visual Studio Solution File, Format Version 12.00
# Visual Studio 15
VisualStudioVersion = 15.0.28307.572
MinimumVisualStudioVersion = 10.0.40219.1
Project("{FAE04EC0-301F-11D3-BF4B-00C04F79EFBC}") = "App8PictureBox", "App8PictureBox\App8PictureBox.csproj", "{0B1491B1-FAB8-474F-875A-2AA2C2FD9768}"
EndProject
Global
	GlobalSection(SolutionConfigurationPlatforms) = preSolution
		Debug|Any CPU = Debug|Any CPU
		Release|Any CPU = Release|Any CPU
	EndGlobalSection
	GlobalSection(ProjectConfigurationPlatforms) = postSolution
		{0B1491B1-FAB8-474F-875A-2AA2C2FD9768}.Debug|Any CPU.ActiveCfg = Debug|Any CPU
		{0B1491B1-FAB8-474F-875A-2AA2C2FD9768}.Debug|Any CPU.Build.0 = Debug|Any CPU
		{0B1491B1-FAB8-474F-875A-2AA2C2FD9768}.Release|Any CPU.ActiveCfg = Release|Any CPU
		{0B1491B1-FAB8-474F-875A-2AA2C2FD9768}.Release|Any CPU.Build.0 = Release|Any CPU
	EndGlobalSection
	GlobalSection(SolutionProperties) = preSolution
		HideSolutionNode = FALSE
	EndGlobalSection
	GlobalSection(ExtensibilityGlobals) = postSolution
		SolutionGuid = {57838B81-9533-4579-B307-893F00BD020A}
	EndGlobalSection
EndGlobal
